
Microsoft Visual Studio Solution File, Format Version 12.00
# Visual Studio Version 17
VisualStudioVersion = 17.0.31903.59
MinimumVisualStudioVersion = 10.0.40219.1
Project("{2150E333-8FDC-42A3-9474-1A3956D46DE8}") = "src", "src", "{827E0CD3-B72D-47B6-A68D-7590B98EB39B}"
EndProject
Project("{FAE04EC0-301F-11D3-BF4B-00C04F79EFBC}") = "RepairKit.Web", "src\RepairKit.Web\RepairKit.Web.csproj", "{DBA1AF43-8B53-43DA-81D5-2B073EF33C40}"
EndProject
Project("{FAE04EC0-301F-11D3-BF4B-00C04F79EFBC}") = "RepairKit.Core", "src\RepairKit.Core\RepairKit.Core.csproj", "{13EE309B-34A4-4AFF-8FB5-DCACD595E77A}"
EndProject
Project("{FAE04EC0-301F-11D3-BF4B-00C04F79EFBC}") = "RepairKit.Infrastructure", "src\RepairKit.Infrastructure\RepairKit.Infrastructure.csproj", "{60296246-F3CC-403B-ADBC-6DD2899CA11A}"
EndProject
Project("{FAE04EC0-301F-11D3-BF4B-00C04F79EFBC}") = "RepairKit.Agent", "src\RepairKit.Agent\RepairKit.Agent.csproj", "{6C9A8E2C-B234-4DB5-92B3-C248CA0B162C}"
EndProject
Project("{FAE04EC0-301F-11D3-BF4B-00C04F79EFBC}") = "RepairKit.Tests", "tests\RepairKit.Tests\RepairKit.Tests.csproj", "{FC0CAD20-3EB1-43C5-BB8B-DD6D996C7F24}"
EndProject
Project("{FAE04EC0-301F-11D3-BF4B-00C04F79EFBC}") = "RepairKit.Agent.Tests", "tests\RepairKit.Agent.Tests\RepairKit.Agent.Tests.csproj", "{4CA81E99-9258-40A2-AB56-ECFE147E06D5}"
EndProject
Global
	GlobalSection(SolutionConfigurationPlatforms) = preSolution
		Debug|Any CPU = Debug|Any CPU
		Debug|x64 = Debug|x64
		Debug|x86 = Debug|x86
		Release|Any CPU = Release|Any CPU
		Release|x64 = Release|x64
		Release|x86 = Release|x86
	EndGlobalSection
	GlobalSection(ProjectConfigurationPlatforms) = postSolution
		{DBA1AF43-8B53-43DA-81D5-2B073EF33C40}.Debug|Any CPU.ActiveCfg = Debug|Any CPU
		{DBA1AF43-8B53-43DA-81D5-2B073EF33C40}.Debug|Any CPU.Build.0 = Debug|Any CPU
		{DBA1AF43-8B53-43DA-81D5-2B073EF33C40}.Debug|x64.ActiveCfg = Debug|Any CPU
		{DBA1AF43-8B53-43DA-81D5-2B073EF33C40}.Debug|x64.Build.0 = Debug|Any CPU
		{DBA1AF43-8B53-43DA-81D5-2B073EF33C40}.Debug|x86.ActiveCfg = Debug|Any CPU
		{DBA1AF43-8B53-43DA-81D5-2B073EF33C40}.Debug|x86.Build.0 = Debug|Any CPU
		{DBA1AF43-8B53-43DA-81D5-2B073EF33C40}.Release|Any CPU.ActiveCfg = Release|Any CPU
		{DBA1AF43-8B53-43DA-81D5-2B073EF33C40}.Release|Any CPU.Build.0 = Release|Any CPU
		{DBA1AF43-8B53-43DA-81D5-2B073EF33C40}.Release|x64.ActiveCfg = Release|Any CPU
		{DBA1AF43-8B53-43DA-81D5-2B073EF33C40}.Release|x64.Build.0 = Release|Any CPU
		{DBA1AF43-8B53-43DA-81D5-2B073EF33C40}.Release|x86.ActiveCfg = Release|Any CPU
		{DBA1AF43-8B53-43DA-81D5-2B073EF33C40}.Release|x86.Build.0 = Release|Any CPU
		{13EE309B-34A4-4AFF-8FB5-DCACD595E77A}.Debug|Any CPU.ActiveCfg = Debug|Any CPU
		{13EE309B-34A4-4AFF-8FB5-DCACD595E77A}.Debug|Any CPU.Build.0 = Debug|Any CPU
		{13EE309B-34A4-4AFF-8FB5-DCACD595E77A}.Debug|x64.ActiveCfg = Debug|Any CPU
		{13EE309B-34A4-4AFF-8FB5-DCACD595E77A}.Debug|x64.Build.0 = Debug|Any CPU
		{13EE309B-34A4-4AFF-8FB5-DCACD595E77A}.Debug|x86.ActiveCfg = Debug|Any CPU
		{13EE309B-34A4-4AFF-8FB5-DCACD595E77A}.Debug|x86.Build.0 = Debug|Any CPU
		{13EE309B-34A4-4AFF-8FB5-DCACD595E77A}.Release|Any CPU.ActiveCfg = Release|Any CPU
		{13EE309B-34A4-4AFF-8FB5-DCACD595E77A}.Release|Any CPU.Build.0 = Release|Any CPU
		{13EE309B-34A4-4AFF-8FB5-DCACD595E77A}.Release|x64.ActiveCfg = Release|Any CPU
		{13EE309B-34A4-4AFF-8FB5-DCACD595E77A}.Release|x64.Build.0 = Release|Any CPU
		{13EE309B-34A4-4AFF-8FB5-DCACD595E77A}.Release|x86.ActiveCfg = Release|Any CPU
		{13EE309B-34A4-4AFF-8FB5-DCACD595E77A}.Release|x86.Build.0 = Release|Any CPU
		{60296246-F3CC-403B-ADBC-6DD2899CA11A}.Debug|Any CPU.ActiveCfg = Debug|Any CPU
		{60296246-F3CC-403B-ADBC-6DD2899CA11A}.Debug|Any CPU.Build.0 = Debug|Any CPU
		{60296246-F3CC-403B-ADBC-6DD2899CA11A}.Debug|x64.ActiveCfg = Debug|Any CPU
		{60296246-F3CC-403B-ADBC-6DD2899CA11A}.Debug|x64.Build.0 = Debug|Any CPU
		{60296246-F3CC-403B-ADBC-6DD2899CA11A}.Debug|x86.ActiveCfg = Debug|Any CPU
		{60296246-F3CC-403B-ADBC-6DD2899CA11A}.Debug|x86.Build.0 = Debug|Any CPU
		{60296246-F3CC-403B-ADBC-6DD2899CA11A}.Release|Any CPU.ActiveCfg = Release|Any CPU
		{60296246-F3CC-403B-ADBC-6DD2899CA11A}.Release|Any CPU.Build.0 = Release|Any CPU
		{60296246-F3CC-403B-ADBC-6DD2899CA11A}.Release|x64.ActiveCfg = Release|Any CPU
		{60296246-F3CC-403B-ADBC-6DD2899CA11A}.Release|x64.Build.0 = Release|Any CPU
		{60296246-F3CC-403B-ADBC-6DD2899CA11A}.Release|x86.ActiveCfg = Release|Any CPU
		{60296246-F3CC-403B-ADBC-6DD2899CA11A}.Release|x86.Build.0 = Release|Any CPU
		{6C9A8E2C-B234-4DB5-92B3-C248CA0B162C}.Debug|Any CPU.ActiveCfg = Debug|Any CPU
		{6C9A8E2C-B234-4DB5-92B3-C248CA0B162C}.Debug|Any CPU.Build.0 = Debug|Any CPU
		{6C9A8E2C-B234-4DB5-92B3-C248CA0B162C}.Debug|x64.ActiveCfg = Debug|Any CPU
		{6C9A8E2C-B234-4DB5-92B3-C248CA0B162C}.Debug|x64.Build.0 = Debug|Any CPU
		{6C9A8E2C-B234-4DB5-92B3-C248CA0B162C}.Debug|x86.ActiveCfg = Debug|Any CPU
		{6C9A8E2C-B234-4DB5-92B3-C248CA0B162C}.Debug|x86.Build.0 = Debug|Any CPU
		{6C9A8E2C-B234-4DB5-92B3-C248CA0B162C}.Release|Any CPU.ActiveCfg = Release|Any CPU
		{6C9A8E2C-B234-4DB5-92B3-C248CA0B162C}.Release|Any CPU.Build.0 = Release|Any CPU
		{6C9A8E2C-B234-4DB5-92B3-C248CA0B162C}.Release|x64.ActiveCfg = Release|Any CPU
		{6C9A8E2C-B234-4DB5-92B3-C248CA0B162C}.Release|x64.Build.0 = Release|Any CPU
		{6C9A8E2C-B234-4DB5-92B3-C248CA0B162C}.Release|x86.ActiveCfg = Release|Any CPU
		{6C9A8E2C-B234-4DB5-92B3-C248CA0B162C}.Release|x86.Build.0 = Release|Any CPU
		{FC0CAD20-3EB1-43C5-BB8B-DD6D996C7F24}.Debug|Any CPU.ActiveCfg = Debug|Any CPU
		{FC0CAD20-3EB1-43C5-BB8B-DD6D996C7F24}.Debug|Any CPU.Build.0 = Debug|Any CPU
		{FC0CAD20-3EB1-43C5-BB8B-DD6D996C7F24}.Debug|x64.ActiveCfg = Debug|Any CPU
		{FC0CAD20-3EB1-43C5-BB8B-DD6D996C7F24}.Debug|x64.Build.0 = Debug|Any CPU
		{FC0CAD20-3EB1-43C5-BB8B-DD6D996C7F24}.Debug|x86.ActiveCfg = Debug|Any CPU
		{FC0CAD20-3EB1-43C5-BB8B-DD6D996C7F24}.Debug|x86.Build.0 = Debug|Any CPU
		{FC0CAD20-3EB1-43C5-BB8B-DD6D996C7F24}.Release|Any CPU.ActiveCfg = Release|Any CPU
		{FC0CAD20-3EB1-43C5-BB8B-DD6D996C7F24}.Release|Any CPU.Build.0 = Release|Any CPU
		{FC0CAD20-3EB1-43C5-BB8B-DD6D996C7F24}.Release|x64.ActiveCfg = Release|Any CPU
		{FC0CAD20-3EB1-43C5-BB8B-DD6D996C7F24}.Release|x64.Build.0 = Release|Any CPU
		{FC0CAD20-3EB1-43C5-BB8B-DD6D996C7F24}.Release|x86.ActiveCfg = Release|Any CPU
		{FC0CAD20-3EB1-43C5-BB8B-DD6D996C7F24}.Release|x86.Build.0 = Release|Any CPU
		{4CA81E99-9258-40A2-AB56-ECFE147E06D5}.Debug|Any CPU.ActiveCfg = Debug|Any CPU
		{4CA81E99-9258-40A2-AB56-ECFE147E06D5}.Debug|Any CPU.Build.0 = Debug|Any CPU
		{4CA81E99-9258-40A2-AB56-ECFE147E06D5}.Debug|x64.ActiveCfg = Debug|Any CPU
		{4CA81E99-9258-40A2-AB56-ECFE147E06D5}.Debug|x64.Build.0 = Debug|Any CPU
		{4CA81E99-9258-40A2-AB56-ECFE147E06D5}.Debug|x86.ActiveCfg = Debug|Any CPU
		{4CA81E99-9258-40A2-AB56-ECFE147E06D5}.Debug|x86.Build.0 = Debug|Any CPU
		{4CA81E99-9258-40A2-AB56-ECFE147E06D5}.Release|Any CPU.ActiveCfg = Release|Any CPU
		{4CA81E99-9258-40A2-AB56-ECFE147E06D5}.Release|Any CPU.Build.0 = Release|Any CPU
		{4CA81E99-9258-40A2-AB56-ECFE147E06D5}.Release|x64.ActiveCfg = Release|Any CPU
		{4CA81E99-9258-40A2-AB56-ECFE147E06D5}.Release|x64.Build.0 = Release|Any CPU
		{4CA81E99-9258-40A2-AB56-ECFE147E06D5}.Release|x86.ActiveCfg = Release|Any CPU
		{4CA81E99-9258-40A2-AB56-ECFE147E06D5}.Release|x86.Build.0 = Release|Any CPU
	EndGlobalSection
	GlobalSection(SolutionProperties) = preSolution
		HideSolutionNode = FALSE
	EndGlobalSection
	GlobalSection(NestedProjects) = preSolution
		{DBA1AF43-8B53-43DA-81D5-2B073EF33C40} = {827E0CD3-B72D-47B6-A68D-7590B98EB39B}
		{13EE309B-34A4-4AFF-8FB5-DCACD595E77A} = {827E0CD3-B72D-47B6-A68D-7590B98EB39B}
		{60296246-F3CC-403B-ADBC-6DD2899CA11A} = {827E0CD3-B72D-47B6-A68D-7590B98EB39B}
		{6C9A8E2C-B234-4DB5-92B3-C248CA0B162C} = {827E0CD3-B72D-47B6-A68D-7590B98EB39B}
		{FC0CAD20-3EB1-43C5-BB8B-DD6D996C7F24} = {827E0CD3-B72D-47B6-A68D-7590B98EB39B}
		{4CA81E99-9258-40A2-AB56-ECFE147E06D5} = {827E0CD3-B72D-47B6-A68D-7590B98EB39B}
	EndGlobalSection
EndGlobal
